
Microsoft Visual Studio Solution File, Format Version 12.00
# Visual Studio Version 17
VisualStudioVersion = 17.14.36915.13 d17.14
MinimumVisualStudioVersion = 10.0.40219.1
Project("{FAE04EC0-301F-11D3-BF4B-00C04F79EFBC}") = "OOP_Session3", "OOP_Session3\OOP_Session3.csproj", "{37446053-03AF-48ED-865D-EF8DB4356D11}"
EndProject
Global
	GlobalSection(SolutionConfigurationPlatforms) = preSolution
		Debug|Any CPU = Debug|Any CPU
		Release|Any CPU = Release|Any CPU
	EndGlobalSection
	GlobalSection(ProjectConfigurationPlatforms) = postSolution
		{37446053-03AF-48ED-865D-EF8DB4356D11}.Debug|Any CPU.ActiveCfg = Debug|Any CPU
		{37446053-03AF-48ED-865D-EF8DB4356D11}.Debug|Any CPU.Build.0 = Debug|Any CPU
		{37446053-03AF-48ED-865D-EF8DB4356D11}.Release|Any CPU.ActiveCfg = Release|Any CPU
		{37446053-03AF-48ED-865D-EF8DB4356D11}.Release|Any CPU.Build.0 = Release|Any CPU
	EndGlobalSection
	GlobalSection(SolutionProperties) = preSolution
		HideSolutionNode = FALSE
	EndGlobalSection
	GlobalSection(ExtensibilityGlobals) = postSolution
		SolutionGuid = {D84904BA-E770-4575-AC12-9FE6FCBD307F}
	EndGlobalSection
EndGlobal
